// !$*UTF8*$!
{
	archiveVersion = 1;
	classes = {
	};
	objectVersion = 56;
	objects = {

/* Begin PBXBuildFile section */
		C4E00532291B2C6C00F90486 /* AppDelegate.swift in Sources */ = {isa = PBXBuildFile; fileRef = C4E00531291B2C6C00F90486 /* AppDelegate.swift */; };
		C4E00534291B2C6C00F90486 /* SceneDelegate.swift in Sources */ = {isa = PBXBuildFile; fileRef = C4E00533291B2C6C00F90486 /* SceneDelegate.swift */; };
		C4E00536291B2C6C00F90486 /* ViewController.swift in Sources */ = {isa = PBXBuildFile; fileRef = C4E00535291B2C6C00F90486 /* ViewController.swift */; };
		C4E00539291B2C6C00F90486 /* Main.storyboard in Resources */ = {isa = PBXBuildFile; fileRef = C4E00537291B2C6C00F90486 /* Main.storyboard */; };
		C4E0053B291B2C6E00F90486 /* Assets.xcassets in Resources */ = {isa = PBXBuildFile; fileRef = C4E0053A291B2C6E00F90486 /* Assets.xcassets */; };
		C4E0053E291B2C6E00F90486 /* LaunchScreen.storyboard in Resources */ = {isa = PBXBuildFile; fileRef = C4E0053C291B2C6E00F90486 /* LaunchScreen.storyboard */; };
		C4E00549291B2C6E00F90486 /* Live_Demo___User_DefaultsTests.swift in Sources */ = {isa = PBXBuildFile; fileRef = C4E00548291B2C6E00F90486 /* Live_Demo___User_DefaultsTests.swift */; };
		C4E00553291B2C6E00F90486 /* Live_Demo___User_DefaultsUITests.swift in Sources */ = {isa = PBXBuildFile; fileRef = C4E00552291B2C6E00F90486 /* Live_Demo___User_DefaultsUITests.swift */; };
		C4E00555291B2C6E00F90486 /* Live_Demo___User_DefaultsUITestsLaunchTests.swift in Sources */ = {isa = PBXBuildFile; fileRef = C4E00554291B2C6E00F90486 /* Live_Demo___User_DefaultsUITestsLaunchTests.swift */; };
/* End PBXBuildFile section */

/* Begin PBXContainerItemProxy section */
		C4E00545291B2C6E00F90486 /* PBXContainerItemProxy */ = {
			isa = PBXContainerItemProxy;
			containerPortal = C4E00526291B2C6C00F90486 /* Project object */;
			proxyType = 1;
			remoteGlobalIDString = C4E0052D291B2C6C00F90486;
			remoteInfo = "Live Demo - User Defaults";
		};
		C4E0054F291B2C6E00F90486 /* PBXContainerItemProxy */ = {
			isa = PBXContainerItemProxy;
			containerPortal = C4E00526291B2C6C00F90486 /* Project object */;
			proxyType = 1;
			remoteGlobalIDString = C4E0052D291B2C6C00F90486;
			remoteInfo = "Live Demo - User Defaults";
		};
/* End PBXContainerItemProxy section */

/* Begin PBXFileReference section */
		C4E0052E291B2C6C00F90486 /* Live Demo - User Defaults.app */ = {isa = PBXFileReference; explicitFileType = wrapper.application; includeInIndex = 0; path = "Live Demo - User Defaults.app"; sourceTree = BUILT_PRODUCTS_DIR; };
		C4E00531291B2C6C00F90486 /* AppDelegate.swift */ = {isa = PBXFileReference; lastKnownFileType = sourcecode.swift; path = AppDelegate.swift; sourceTree = "<group>"; };
		C4E00533291B2C6C00F90486 /* SceneDelegate.swift */ = {isa = PBXFileReference; lastKnownFileType = sourcecode.swift; path = SceneDelegate.swift; sourceTree = "<group>"; };
		C4E00535291B2C6C00F90486 /* ViewController.swift */ = {isa = PBXFileReference; lastKnownFileType = sourcecode.swift; path = ViewController.swift; sourceTree = "<group>"; };
		C4E00538291B2C6C00F90486 /* Base */ = {isa = PBXFileReference; lastKnownFileType = file.storyboard; name = Base; path = Base.lproj/Main.storyboard; sourceTree = "<group>"; };
		C4E0053A291B2C6E00F90486 /* Assets.xcassets */ = {isa = PBXFileReference; lastKnownFileType = folder.assetcatalog; path = Assets.xcassets; sourceTree = "<group>"; };
		C4E0053D291B2C6E00F90486 /* Base */ = {isa = PBXFileReference; lastKnownFileType = file.storyboard; name = Base; path = Base.lproj/LaunchScreen.storyboard; sourceTree = "<group>"; };
		C4E0053F291B2C6E00F90486 /* Info.plist */ = {isa = PBXFileReference; lastKnownFileType = text.plist.xml; path = Info.plist; sourceTree = "<group>"; };
		C4E00544291B2C6E00F90486 /* Live Demo - User DefaultsTests.xctest */ = {isa = PBXFileReference; explicitFileType = wrapper.cfbundle; includeInIndex = 0; path = "Live Demo - User DefaultsTests.xctest"; sourceTree = BUILT_PRODUCTS_DIR; };
		C4E00548291B2C6E00F90486 /* Live_Demo___User_DefaultsTests.swift */ = {isa = PBXFileReference; lastKnownFileType = sourcecode.swift; path = "Live_Demo___User_DefaultsTests.swift"; sourceTree = "<group>"; };
		C4E0054E291B2C6E00F90486 /* Live Demo - User DefaultsUITests.xctest */ = {isa = PBXFileReference; explicitFileType = wrapper.cfbundle; includeInIndex = 0; path = "Live Demo - User DefaultsUITests.xctest"; sourceTree = BUILT_PRODUCTS_DIR; };
		C4E00552291B2C6E00F90486 /* Live_Demo___User_DefaultsUITests.swift */ = {isa = PBXFileReference; lastKnownFileType = sourcecode.swift; path = "Live_Demo___User_DefaultsUITests.swift"; sourceTree = "<group>"; };
		C4E00554291B2C6E00F90486 /* Live_Demo___User_DefaultsUITestsLaunchTests.swift */ = {isa = PBXFileReference; lastKnownFileType = sourcecode.swift; path = "Live_Demo___User_DefaultsUITestsLaunchTests.swift"; sourceTree = "<group>"; };
/* End PBXFileReference section */

/* Begin PBXFrameworksBuildPhase section */
		C4E0052B291B2C6C00F90486 /* Frameworks */ = {
			isa = PBXFrameworksBuildPhase;
			buildActionMask = 2147483647;
			files = (
			);
			runOnlyForDeploymentPostprocessing = 0;
		};
		C4E00541291B2C6E00F90486 /* Frameworks */ = {
			isa = PBXFrameworksBuildPhase;
			buildActionMask = 2147483647;
			files = (
			);
			runOnlyForDeploymentPostprocessing = 0;
		};
		C4E0054B291B2C6E00F90486 /* Frameworks */ = {
			isa = PBXFrameworksBuildPhase;
			buildActionMask = 2147483647;
			files = (
			);
			runOnlyForDeploymentPostprocessing = 0;
		};
/* End PBXFrameworksBuildPhase section */

/* Begin PBXGroup section */
		C4E00525291B2C6C00F90486 = {
			isa = PBXGroup;
			children = (
				C4E00530291B2C6C00F90486 /* Live Demo - User Defaults */,
				C4E00547291B2C6E00F90486 /* Live Demo - User DefaultsTests */,
				C4E00551291B2C6E00F90486 /* Live Demo - User DefaultsUITests */,
				C4E0052F291B2C6C00F90486 /* Products */,
			);
			sourceTree = "<group>";
		};
		C4E0052F291B2C6C00F90486 /* Products */ = {
			isa = PBXGroup;
			children = (
				C4E0052E291B2C6C00F90486 /* Live Demo - User Defaults.app */,
				C4E00544291B2C6E00F90486 /* Live Demo - User DefaultsTests.xctest */,
				C4E0054E291B2C6E00F90486 /* Live Demo - User DefaultsUITests.xctest */,
			);
			name = Products;
			sourceTree = "<group>";
		};
		C4E00530291B2C6C00F90486 /* Live Demo - User Defaults */ = {
			isa = PBXGroup;
			children = (
				C4E00531291B2C6C00F90486 /* AppDelegate.swift */,
				C4E00533291B2C6C00F90486 /* SceneDelegate.swift */,
				C4E00535291B2C6C00F90486 /* ViewController.swift */,
				C4E00537291B2C6C00F90486 /* Main.storyboard */,
				C4E0053A291B2C6E00F90486 /* Assets.xcassets */,
				C4E0053C291B2C6E00F90486 /* LaunchScreen.storyboard */,
				C4E0053F291B2C6E00F90486 /* Info.plist */,
			);
			path = "Live Demo - User Defaults";
			sourceTree = "<group>";
		};
		C4E00547291B2C6E00F90486 /* Live Demo - User DefaultsTests */ = {
			isa = PBXGroup;
			children = (
				C4E00548291B2C6E00F90486 /* Live_Demo___User_DefaultsTests.swift */,
			);
			path = "Live Demo - User DefaultsTests";
			sourceTree = "<group>";
		};
		C4E00551291B2C6E00F90486 /* Live Demo - User DefaultsUITests */ = {
			isa = PBXGroup;
			children = (
				C4E00552291B2C6E00F90486 /* Live_Demo___User_DefaultsUITests.swift */,
				C4E00554291B2C6E00F90486 /* Live_Demo___User_DefaultsUITestsLaunchTests.swift */,
			);
			path = "Live Demo - User DefaultsUITests";
			sourceTree = "<group>";
		};
/* End PBXGroup section */

/* Begin PBXNativeTarget section */
		C4E0052D291B2C6C00F90486 /* Live Demo - User Defaults */ = {
			isa = PBXNativeTarget;
			buildConfigurationList = C4E00558291B2C6E00F90486 /* Build configuration list for PBXNativeTarget "Live Demo - User Defaults" */;
			buildPhases = (
				C4E0052A291B2C6C00F90486 /* Sources */,
				C4E0052B291B2C6C00F90486 /* Frameworks */,
				C4E0052C291B2C6C00F90486 /* Resources */,
			);
			buildRules = (
			);
			dependencies = (
			);
			name = "Live Demo - User Defaults";
			productName = "Live Demo - User Defaults";
			productReference = C4E0052E291B2C6C00F90486 /* Live Demo - User Defaults.app */;
			productType = "com.apple.product-type.application";
		};
		C4E00543291B2C6E00F90486 /* Live Demo - User DefaultsTests */ = {
			isa = PBXNativeTarget;
			buildConfigurationList = C4E0055B291B2C6E00F90486 /* Build configuration list for PBXNativeTarget "Live Demo - User DefaultsTests" */;
			buildPhases = (
				C4E00540291B2C6E00F90486 /* Sources */,
				C4E00541291B2C6E00F90486 /* Frameworks */,
				C4E00542291B2C6E00F90486 /* Resources */,
			);
			buildRules = (
			);
			dependencies = (
				C4E00546291B2C6E00F90486 /* PBXTargetDependency */,
			);
			name = "Live Demo - User DefaultsTests";
			productName = "Live Demo - User DefaultsTests";
			productReference = C4E00544291B2C6E00F90486 /* Live Demo - User DefaultsTests.xctest */;
			productType = "com.apple.product-type.bundle.unit-test";
		};
		C4E0054D291B2C6E00F90486 /* Live Demo - User DefaultsUITests */ = {
			isa = PBXNativeTarget;
			buildConfigurationList = C4E0055E291B2C6E00F90486 /* Build configuration list for PBXNativeTarget "Live Demo - User DefaultsUITests" */;
			buildPhases = (
				C4E0054A291B2C6E00F90486 /* Sources */,
				C4E0054B291B2C6E00F90486 /* Frameworks */,
				C4E0054C291B2C6E00F90486 /* Resources */,
			);
			buildRules = (
			);
			dependencies = (
				C4E00550291B2C6E00F90486 /* PBXTargetDependency */,
			);
			name = "Live Demo - User DefaultsUITests";
			productName = "Live Demo - User DefaultsUITests";
			productReference = C4E0054E291B2C6E00F90486 /* Live Demo - User DefaultsUITests.xctest */;
			productType = "com.apple.product-type.bundle.ui-testing";
		};
/* End PBXNativeTarget section */

/* Begin PBXProject section */
		C4E00526291B2C6C00F90486 /* Project object */ = {
			isa = PBXProject;
			attributes = {
				BuildIndependentTargetsInParallel = 1;
				LastSwiftUpdateCheck = 1410;
				LastUpgradeCheck = 1410;
				TargetAttributes = {
					C4E0052D291B2C6C00F90486 = {
						CreatedOnToolsVersion = 14.1;
					};
					C4E00543291B2C6E00F90486 = {
						CreatedOnToolsVersion = 14.1;
						TestTargetID = C4E0052D291B2C6C00F90486;
					};
					C4E0054D291B2C6E00F90486 = {
						CreatedOnToolsVersion = 14.1;
						TestTargetID = C4E0052D291B2C6C00F90486;
					};
				};
			};
			buildConfigurationList = C4E00529291B2C6C00F90486 /* Build configuration list for PBXProject "Live Demo - User Defaults" */;
			compatibilityVersion = "Xcode 14.0";
			developmentRegion = en;
			hasScannedForEncodings = 0;
			knownRegions = (
				en,
				Base,
			);
			mainGroup = C4E00525291B2C6C00F90486;
			productRefGroup = C4E0052F291B2C6C00F90486 /* Products */;
			projectDirPath = "";
			projectRoot = "";
			targets = (
				C4E0052D291B2C6C00F90486 /* Live Demo - User Defaults */,
				C4E00543291B2C6E00F90486 /* Live Demo - User DefaultsTests */,
				C4E0054D291B2C6E00F90486 /* Live Demo - User DefaultsUITests */,
			);
		};
/* End PBXProject section */

/* Begin PBXResourcesBuildPhase section */
		C4E0052C291B2C6C00F90486 /* Resources */ = {
			isa = PBXResourcesBuildPhase;
			buildActionMask = 2147483647;
			files = (
				C4E0053E291B2C6E00F90486 /* LaunchScreen.storyboard in Resources */,
				C4E0053B291B2C6E00F90486 /* Assets.xcassets in Resources */,
				C4E00539291B2C6C00F90486 /* Main.storyboard in Resources */,
			);
			runOnlyForDeploymentPostprocessing = 0;
		};
		C4E00542291B2C6E00F90486 /* Resources */ = {
			isa = PBXResourcesBuildPhase;
			buildActionMask = 2147483647;
			files = (
			);
			runOnlyForDeploymentPostprocessing = 0;
		};
		C4E0054C291B2C6E00F90486 /* Resources */ = {
			isa = PBXResourcesBuildPhase;
			buildActionMask = 2147483647;
			files = (
			);
			runOnlyForDeploymentPostprocessing = 0;
		};
/* End PBXResourcesBuildPhase section */

/* Begin PBXSourcesBuildPhase section */
		C4E0052A291B2C6C00F90486 /* Sources */ = {
			isa = PBXSourcesBuildPhase;
			buildActionMask = 2147483647;
			files = (
				C4E00536291B2C6C00F90486 /* ViewController.swift in Sources */,
				C4E00532291B2C6C00F90486 /* AppDelegate.swift in Sources */,
				C4E00534291B2C6C00F90486 /* SceneDelegate.swift in Sources */,
			);
			runOnlyForDeploymentPostprocessing = 0;
		};
		C4E00540291B2C6E00F90486 /* Sources */ = {
			isa = PBXSourcesBuildPhase;
			buildActionMask = 2147483647;
			files = (
				C4E00549291B2C6E00F90486 /* Live_Demo___User_DefaultsTests.swift in Sources */,
			);
			runOnlyForDeploymentPostprocessing = 0;
		};
		C4E0054A291B2C6E00F90486 /* Sources */ = {
			isa = PBXSourcesBuildPhase;
			buildActionMask = 2147483647;
			files = (
				C4E00555291B2C6E00F90486 /* Live_Demo___User_DefaultsUITestsLaunchTests.swift in Sources */,
				C4E00553291B2C6E00F90486 /* Live_Demo___User_DefaultsUITests.swift in Sources */,
			);
			runOnlyForDeploymentPostprocessing = 0;
		};
/* End PBXSourcesBuildPhase section */

/* Begin PBXTargetDependency section */
		C4E00546291B2C6E00F90486 /* PBXTargetDependency */ = {
			isa = PBXTargetDependency;
			target = C4E0052D291B2C6C00F90486 /* Live Demo - User Defaults */;
			targetProxy = C4E00545291B2C6E00F90486 /* PBXContainerItemProxy */;
		};
		C4E00550291B2C6E00F90486 /* PBXTargetDependency */ = {
			isa = PBXTargetDependency;
			target = C4E0052D291B2C6C00F90486 /* Live Demo - User Defaults */;
			targetProxy = C4E0054F291B2C6E00F90486 /* PBXContainerItemProxy */;
		};
/* End PBXTargetDependency section */

/* Begin PBXVariantGroup section */
		C4E00537291B2C6C00F90486 /* Main.storyboard */ = {
			isa = PBXVariantGroup;
			children = (
				C4E00538291B2C6C00F90486 /* Base */,
			);
			name = Main.storyboard;
			sourceTree = "<group>";
		};
		C4E0053C291B2C6E00F90486 /* LaunchScreen.storyboard */ = {
			isa = PBXVariantGroup;
			children = (
				C4E0053D291B2C6E00F90486 /* Base */,
			);
			name = LaunchScreen.storyboard;
			sourceTree = "<group>";
		};
/* End PBXVariantGroup section */

/* Begin XCBuildConfiguration section */
		C4E00556291B2C6E00F90486 /* Debug */ = {
			isa = XCBuildConfiguration;
			buildSettings = {
				ALWAYS_SEARCH_USER_PATHS = NO;
				CLANG_ANALYZER_NONNULL = YES;
				CLANG_ANALYZER_NUMBER_OBJECT_CONVERSION = YES_AGGRESSIVE;
				CLANG_CXX_LANGUAGE_STANDARD = "gnu++20";
				CLANG_ENABLE_MODULES = YES;
				CLANG_ENABLE_OBJC_ARC = YES;
				CLANG_ENABLE_OBJC_WEAK = YES;
				CLANG_WARN_BLOCK_CAPTURE_AUTORELEASING = YES;
				CLANG_WARN_BOOL_CONVERSION = YES;
				CLANG_WARN_COMMA = YES;
				CLANG_WARN_CONSTANT_CONVERSION = YES;
				CLANG_WARN_DEPRECATED_OBJC_IMPLEMENTATIONS = YES;
				CLANG_WARN_DIRECT_OBJC_ISA_USAGE = YES_ERROR;
				CLANG_WARN_DOCUMENTATION_COMMENTS = YES;
				CLANG_WARN_EMPTY_BODY = YES;
				CLANG_WARN_ENUM_CONVERSION = YES;
				CLANG_WARN_INFINITE_RECURSION = YES;
				CLANG_WARN_INT_CONVERSION = YES;
				CLANG_WARN_NON_LITERAL_NULL_CONVERSION = YES;
				CLANG_WARN_OBJC_IMPLICIT_RETAIN_SELF = YES;
				CLANG_WARN_OBJC_LITERAL_CONVERSION = YES;
				CLANG_WARN_OBJC_ROOT_CLASS = YES_ERROR;
				CLANG_WARN_QUOTED_INCLUDE_IN_FRAMEWORK_HEADER = YES;
				CLANG_WARN_RANGE_LOOP_ANALYSIS = YES;
				CLANG_WARN_STRICT_PROTOTYPES = YES;
				CLANG_WARN_SUSPICIOUS_MOVE = YES;
				CLANG_WARN_UNGUARDED_AVAILABILITY = YES_AGGRESSIVE;
				CLANG_WARN_UNREACHABLE_CODE = YES;
				CLANG_WARN__DUPLICATE_METHOD_MATCH = YES;
				COPY_PHASE_STRIP = NO;
				DEBUG_INFORMATION_FORMAT = dwarf;
				ENABLE_STRICT_OBJC_MSGSEND = YES;
				ENABLE_TESTABILITY = YES;
				GCC_C_LANGUAGE_STANDARD = gnu11;
				GCC_DYNAMIC_NO_PIC = NO;
				GCC_NO_COMMON_BLOCKS = YES;
				GCC_OPTIMIZATION_LEVEL = 0;
				GCC_PREPROCESSOR_DEFINITIONS = (
					"DEBUG=1",
					"$(inherited)",
				);
				GCC_WARN_64_TO_32_BIT_CONVERSION = YES;
				GCC_WARN_ABOUT_RETURN_TYPE = YES_ERROR;
				GCC_WARN_UNDECLARED_SELECTOR = YES;
				GCC_WARN_UNINITIALIZED_AUTOS = YES_AGGRESSIVE;
				GCC_WARN_UNUSED_FUNCTION = YES;
				GCC_WARN_UNUSED_VARIABLE = YES;
				IPHONEOS_DEPLOYMENT_TARGET = 16.1;
				MTL_ENABLE_DEBUG_INFO = INCLUDE_SOURCE;
				MTL_FAST_MATH = YES;
				ONLY_ACTIVE_ARCH = YES;
				SDKROOT = iphoneos;
				SWIFT_ACTIVE_COMPILATION_CONDITIONS = DEBUG;
				SWIFT_OPTIMIZATION_LEVEL = "-Onone";
			};
			name = Debug;
		};
		C4E00557291B2C6E00F90486 /* Release */ = {
			isa = XCBuildConfiguration;
			buildSettings = {
				ALWAYS_SEARCH_USER_PATHS = NO;
				CLANG_ANALYZER_NONNULL = YES;
				CLANG_ANALYZER_NUMBER_OBJECT_CONVERSION = YES_AGGRESSIVE;
				CLANG_CXX_LANGUAGE_STANDARD = "gnu++20";
				CLANG_ENABLE_MODULES = YES;
				CLANG_ENABLE_OBJC_ARC = YES;
				CLANG_ENABLE_OBJC_WEAK = YES;
				CLANG_WARN_BLOCK_CAPTURE_AUTORELEASING = YES;
				CLANG_WARN_BOOL_CONVERSION = YES;
				CLANG_WARN_COMMA = YES;
				CLANG_WARN_CONSTANT_CONVERSION = YES;
				CLANG_WARN_DEPRECATED_OBJC_IMPLEMENTATIONS = YES;
				CLANG_WARN_DIRECT_OBJC_ISA_USAGE = YES_ERROR;
				CLANG_WARN_DOCUMENTATION_COMMENTS = YES;
				CLANG_WARN_EMPTY_BODY = YES;
				CLANG_WARN_ENUM_CONVERSION = YES;
				CLANG_WARN_INFINITE_RECURSION = YES;
				CLANG_WARN_INT_CONVERSION = YES;
				CLANG_WARN_NON_LITERAL_NULL_CONVERSION = YES;
				CLANG_WARN_OBJC_IMPLICIT_RETAIN_SELF = YES;
				CLANG_WARN_OBJC_LITERAL_CONVERSION = YES;
				CLANG_WARN_OBJC_ROOT_CLASS = YES_ERROR;
				CLANG_WARN_QUOTED_INCLUDE_IN_FRAMEWORK_HEADER = YES;
				CLANG_WARN_RANGE_LOOP_ANALYSIS = YES;
				CLANG_WARN_STRICT_PROTOTYPES = YES;
				CLANG_WARN_SUSPICIOUS_MOVE = YES;
				CLANG_WARN_UNGUARDED_AVAILABILITY = YES_AGGRESSIVE;
				CLANG_WARN_UNREACHABLE_CODE = YES;
				CLANG_WARN__DUPLICATE_METHOD_MATCH = YES;
				COPY_PHASE_STRIP = NO;
				DEBUG_INFORMATION_FORMAT = "dwarf-with-dsym";
				ENABLE_NS_ASSERTIONS = NO;
				ENABLE_STRICT_OBJC_MSGSEND = YES;
				GCC_C_LANGUAGE_STANDARD = gnu11;
				GCC_NO_COMMON_BLOCKS = YES;
				GCC_WARN_64_TO_32_BIT_CONVERSION = YES;
				GCC_WARN_ABOUT_RETURN_TYPE = YES_ERROR;
				GCC_WARN_UNDECLARED_SELECTOR = YES;
				GCC_WARN_UNINITIALIZED_AUTOS = YES_AGGRESSIVE;
				GCC_WARN_UNUSED_FUNCTION = YES;
				GCC_WARN_UNUSED_VARIABLE = YES;
				IPHONEOS_DEPLOYMENT_TARGET = 16.1;
				MTL_ENABLE_DEBUG_INFO = NO;
				MTL_FAST_MATH = YES;
				SDKROOT = iphoneos;
				SWIFT_COMPILATION_MODE = wholemodule;
				SWIFT_OPTIMIZATION_LEVEL = "-O";
				VALIDATE_PRODUCT = YES;
			};
			name = Release;
		};
		C4E00559291B2C6E00F90486 /* Debug */ = {
			isa = XCBuildConfiguration;
			buildSettings = {
				ASSETCATALOG_COMPILER_APPICON_NAME = AppIcon;
				ASSETCATALOG_COMPILER_GLOBAL_ACCENT_COLOR_NAME = AccentColor;
				CODE_SIGN_STYLE = Automatic;
				CURRENT_PROJECT_VERSION = 1;
				GENERATE_INFOPLIST_FILE = YES;
				INFOPLIST_FILE = "Live Demo - User Defaults/Info.plist";
				INFOPLIST_KEY_UIApplicationSupportsIndirectInputEvents = YES;
				INFOPLIST_KEY_UILaunchStoryboardName = LaunchScreen;
				INFOPLIST_KEY_UIMainStoryboardFile = Main;
				INFOPLIST_KEY_UISupportedInterfaceOrientations_iPad = "UIInterfaceOrientationPortrait UIInterfaceOrientationPortraitUpsideDown UIInterfaceOrientationLandscapeLeft UIInterfaceOrientationLandscapeRight";
				INFOPLIST_KEY_UISupportedInterfaceOrientations_iPhone = "UIInterfaceOrientationPortrait UIInterfaceOrientationLandscapeLeft UIInterfaceOrientationLandscapeRight";
				LD_RUNPATH_SEARCH_PATHS = (
					"$(inherited)",
					"@executable_path/Frameworks",
				);
				MARKETING_VERSION = 1.0;
				PRODUCT_BUNDLE_IDENTIFIER = "cchiu727.live-demos.Live-Demo---User-Defaults";
				PRODUCT_NAME = "$(TARGET_NAME)";
				SWIFT_EMIT_LOC_STRINGS = YES;
				SWIFT_VERSION = 5.0;
				TARGETED_DEVICE_FAMILY = "1,2";
			};
			name = Debug;
		};
		C4E0055A291B2C6E00F90486 /* Release */ = {
			isa = XCBuildConfiguration;
			buildSettings = {
				ASSETCATALOG_COMPILER_APPICON_NAME = AppIcon;
				ASSETCATALOG_COMPILER_GLOBAL_ACCENT_COLOR_NAME = AccentColor;
				CODE_SIGN_STYLE = Automatic;
				CURRENT_PROJECT_VERSION = 1;
				GENERATE_INFOPLIST_FILE = YES;
				INFOPLIST_FILE = "Live Demo - User Defaults/Info.plist";
				INFOPLIST_KEY_UIApplicationSupportsIndirectInputEvents = YES;
				INFOPLIST_KEY_UILaunchStoryboardName = LaunchScreen;
				INFOPLIST_KEY_UIMainStoryboardFile = Main;
				INFOPLIST_KEY_UISupportedInterfaceOrientations_iPad = "UIInterfaceOrientationPortrait UIInterfaceOrientationPortraitUpsideDown UIInterfaceOrientationLandscapeLeft UIInterfaceOrientationLandscapeRight";
				INFOPLIST_KEY_UISupportedInterfaceOrientations_iPhone = "UIInterfaceOrientationPortrait UIInterfaceOrientationLandscapeLeft UIInterfaceOrientationLandscapeRight";
				LD_RUNPATH_SEARCH_PATHS = (
					"$(inherited)",
					"@executable_path/Frameworks",
				);
				MARKETING_VERSION = 1.0;
				PRODUCT_BUNDLE_IDENTIFIER = "cchiu727.live-demos.Live-Demo---User-Defaults";
				PRODUCT_NAME = "$(TARGET_NAME)";
				SWIFT_EMIT_LOC_STRINGS = YES;
				SWIFT_VERSION = 5.0;
				TARGETED_DEVICE_FAMILY = "1,2";
			};
			name = Release;
		};
		C4E0055C291B2C6E00F90486 /* Debug */ = {
			isa = XCBuildConfiguration;
			buildSettings = {
				ALWAYS_EMBED_SWIFT_STANDARD_LIBRARIES = YES;
				BUNDLE_LOADER = "$(TEST_HOST)";
				CODE_SIGN_STYLE = Automatic;
				CURRENT_PROJECT_VERSION = 1;
				GENERATE_INFOPLIST_FILE = YES;
				IPHONEOS_DEPLOYMENT_TARGET = 16.1;
				MARKETING_VERSION = 1.0;
				PRODUCT_BUNDLE_IDENTIFIER = "cchiu727.live-demos.Live-Demo---User-DefaultsTests";
				PRODUCT_NAME = "$(TARGET_NAME)";
				SWIFT_EMIT_LOC_STRINGS = NO;
				SWIFT_VERSION = 5.0;
				TARGETED_DEVICE_FAMILY = "1,2";
				TEST_HOST = "$(BUILT_PRODUCTS_DIR)/Live Demo - User Defaults.app/$(BUNDLE_EXECUTABLE_FOLDER_PATH)/Live Demo - User Defaults";
			};
			name = Debug;
		};
		C4E0055D291B2C6E00F90486 /* Release */ = {
			isa = XCBuildConfiguration;
			buildSettings = {
				ALWAYS_EMBED_SWIFT_STANDARD_LIBRARIES = YES;
				BUNDLE_LOADER = "$(TEST_HOST)";
				CODE_SIGN_STYLE = Automatic;
				CURRENT_PROJECT_VERSION = 1;
				GENERATE_INFOPLIST_FILE = YES;
				IPHONEOS_DEPLOYMENT_TARGET = 16.1;
				MARKETING_VERSION = 1.0;
				PRODUCT_BUNDLE_IDENTIFIER = "cchiu727.live-demos.Live-Demo---User-DefaultsTests";
				PRODUCT_NAME = "$(TARGET_NAME)";
				SWIFT_EMIT_LOC_STRINGS = NO;
				SWIFT_VERSION = 5.0;
				TARGETED_DEVICE_FAMILY = "1,2";
				TEST_HOST = "$(BUILT_PRODUCTS_DIR)/Live Demo - User Defaults.app/$(BUNDLE_EXECUTABLE_FOLDER_PATH)/Live Demo - User Defaults";
			};
			name = Release;
		};
		C4E0055F291B2C6E00F90486 /* Debug */ = {
			isa = XCBuildConfiguration;
			buildSettings = {
				ALWAYS_EMBED_SWIFT_STANDARD_LIBRARIES = YES;
				CODE_SIGN_STYLE = Automatic;
				CURRENT_PROJECT_VERSION = 1;
				GENERATE_INFOPLIST_FILE = YES;
				MARKETING_VERSION = 1.0;
				PRODUCT_BUNDLE_IDENTIFIER = "cchiu727.live-demos.Live-Demo---User-DefaultsUITests";
				PRODUCT_NAME = "$(TARGET_NAME)";
				SWIFT_EMIT_LOC_STRINGS = NO;
				SWIFT_VERSION = 5.0;
				TARGETED_DEVICE_FAMILY = "1,2";
				TEST_TARGET_NAME = "Live Demo - User Defaults";
			};
			name = Debug;
		};
		C4E00560291B2C6E00F90486 /* Release */ = {
			isa = XCBuildConfiguration;
			buildSettings = {
				ALWAYS_EMBED_SWIFT_STANDARD_LIBRARIES = YES;
				CODE_SIGN_STYLE = Automatic;
				CURRENT_PROJECT_VERSION = 1;
				GENERATE_INFOPLIST_FILE = YES;
				MARKETING_VERSION = 1.0;
				PRODUCT_BUNDLE_IDENTIFIER = "cchiu727.live-demos.Live-Demo---User-DefaultsUITests";
				PRODUCT_NAME = "$(TARGET_NAME)";
				SWIFT_EMIT_LOC_STRINGS = NO;
				SWIFT_VERSION = 5.0;
				TARGETED_DEVICE_FAMILY = "1,2";
				TEST_TARGET_NAME = "Live Demo - User Defaults";
			};
			name = Release;
		};
/* End XCBuildConfiguration section */

/* Begin XCConfigurationList section */
		C4E00529291B2C6C00F90486 /* Build configuration list for PBXProject "Live Demo - User Defaults" */ = {
			isa = XCConfigurationList;
			buildConfigurations = (
				C4E00556291B2C6E00F90486 /* Debug */,
				C4E00557291B2C6E00F90486 /* Release */,
			);
			defaultConfigurationIsVisible = 0;
			defaultConfigurationName = Release;
		};
		C4E00558291B2C6E00F90486 /* Build configuration list for PBXNativeTarget "Live Demo - User Defaults" */ = {
			isa = XCConfigurationList;
			buildConfigurations = (
				C4E00559291B2C6E00F90486 /* Debug */,
				C4E0055A291B2C6E00F90486 /* Release */,
			);
			defaultConfigurationIsVisible = 0;
			defaultConfigurationName = Release;
		};
		C4E0055B291B2C6E00F90486 /* Build configuration list for PBXNativeTarget "Live Demo - User DefaultsTests" */ = {
			isa = XCConfigurationList;
			buildConfigurations = (
				C4E0055C291B2C6E00F90486 /* Debug */,
				C4E0055D291B2C6E00F90486 /* Release */,
			);
			defaultConfigurationIsVisible = 0;
			defaultConfigurationName = Release;
		};
		C4E0055E291B2C6E00F90486 /* Build configuration list for PBXNativeTarget "Live Demo - User DefaultsUITests" */ = {
			isa = XCConfigurationList;
			buildConfigurations = (
				C4E0055F291B2C6E00F90486 /* Debug */,
				C4E00560291B2C6E00F90486 /* Release */,
			);
			defaultConfigurationIsVisible = 0;
			defaultConfigurationName = Release;
		};
/* End XCConfigurationList section */
	};
	rootObject = C4E00526291B2C6C00F90486 /* Project object */;
}
